
Microsoft Visual Studio Solution File, Format Version 12.00
# Visual Studio Version 17
VisualStudioVersion = 17.4.33205.214
MinimumVisualStudioVersion = 10.0.40219.1
Project("{8BC9CEB8-8B4A-11D0-8D11-00A0C91BC942}") = "容器", "容器\容器.vcxproj", "{494E8A3B-6F2D-4E90-8F60-FC1A656741ED}"
EndProject
Global
	GlobalSection(SolutionConfigurationPlatforms) = preSolution
		Debug|x64 = Debug|x64
		Debug|x86 = Debug|x86
		Release|x64 = Release|x64
		Release|x86 = Release|x86
	EndGlobalSection
	GlobalSection(ProjectConfigurationPlatforms) = postSolution
		{494E8A3B-6F2D-4E90-8F60-FC1A656741ED}.Debug|x64.ActiveCfg = Debug|x64
		{494E8A3B-6F2D-4E90-8F60-FC1A656741ED}.Debug|x64.Build.0 = Debug|x64
		{494E8A3B-6F2D-4E90-8F60-FC1A656741ED}.Debug|x86.ActiveCfg = Debug|Win32
		{494E8A3B-6F2D-4E90-8F60-FC1A656741ED}.Debug|x86.Build.0 = Debug|Win32
		{494E8A3B-6F2D-4E90-8F60-FC1A656741ED}.Release|x64.ActiveCfg = Release|x64
		{494E8A3B-6F2D-4E90-8F60-FC1A656741ED}.Release|x64.Build.0 = Release|x64
		{494E8A3B-6F2D-4E90-8F60-FC1A656741ED}.Release|x86.ActiveCfg = Release|Win32
		{494E8A3B-6F2D-4E90-8F60-FC1A656741ED}.Release|x86.Build.0 = Release|Win32
	EndGlobalSection
	GlobalSection(SolutionProperties) = preSolution
		HideSolutionNode = FALSE
	EndGlobalSection
	GlobalSection(ExtensibilityGlobals) = postSolution
		SolutionGuid = {256C6672-6ADC-4C9A-AE01-6BF7BC565030}
	EndGlobalSection
EndGlobal
