
Microsoft Visual Studio Solution File, Format Version 12.00
# Visual Studio Version 17
VisualStudioVersion = 17.4.33205.214
MinimumVisualStudioVersion = 10.0.40219.1
Project("{8BC9CEB8-8B4A-11D0-8D11-00A0C91BC942}") = "模板", "模板\模板.vcxproj", "{381E1ABA-7878-49D8-9B8C-D1B245D98196}"
EndProject
Global
	GlobalSection(SolutionConfigurationPlatforms) = preSolution
		Debug|x64 = Debug|x64
		Debug|x86 = Debug|x86
		Release|x64 = Release|x64
		Release|x86 = Release|x86
	EndGlobalSection
	GlobalSection(ProjectConfigurationPlatforms) = postSolution
		{381E1ABA-7878-49D8-9B8C-D1B245D98196}.Debug|x64.ActiveCfg = Debug|x64
		{381E1ABA-7878-49D8-9B8C-D1B245D98196}.Debug|x64.Build.0 = Debug|x64
		{381E1ABA-7878-49D8-9B8C-D1B245D98196}.Debug|x86.ActiveCfg = Debug|Win32
		{381E1ABA-7878-49D8-9B8C-D1B245D98196}.Debug|x86.Build.0 = Debug|Win32
		{381E1ABA-7878-49D8-9B8C-D1B245D98196}.Release|x64.ActiveCfg = Release|x64
		{381E1ABA-7878-49D8-9B8C-D1B245D98196}.Release|x64.Build.0 = Release|x64
		{381E1ABA-7878-49D8-9B8C-D1B245D98196}.Release|x86.ActiveCfg = Release|Win32
		{381E1ABA-7878-49D8-9B8C-D1B245D98196}.Release|x86.Build.0 = Release|Win32
	EndGlobalSection
	GlobalSection(SolutionProperties) = preSolution
		HideSolutionNode = FALSE
	EndGlobalSection
	GlobalSection(ExtensibilityGlobals) = postSolution
		SolutionGuid = {D64123DC-D4F4-4B67-883C-421ABB8D060B}
	EndGlobalSection
EndGlobal
