<?xml version="1.0" encoding="utf-8"?>
<Project ToolsVersion="4.0" xmlns="http://schemas.microsoft.com/developer/msbuild/2003">
  <ItemGroup>
    <Filter Include="源文件">
      <UniqueIdentifier>{4FC737F1-C7A5-4376-A066-2A32D752A2FF}</UniqueIdentifier>
      <Extensions>cpp;c;cc;cxx;c++;cppm;ixx;def;odl;idl;hpj;bat;asm;asmx</Extensions>
    </Filter>
    <Filter Include="头文件">
      <UniqueIdentifier>{93995380-89BD-4b04-88EB-625FBE52EBFB}</UniqueIdentifier>
      <Extensions>h;hh;hpp;hxx;h++;hm;inl;inc;ipp;xsd</Extensions>
    </Filter>
    <Filter Include="资源文件">
      <UniqueIdentifier>{67DA6AB6-F800-4c08-8B7A-83BB121AAD01}</UniqueIdentifier>
      <Extensions>rc;ico;cur;bmp;dlg;rc2;rct;bin;rgs;gif;jpg;jpeg;jpe;resx;tiff;tif;png;wav;mfcribbon-ms</Extensions>
    </Filter>
  </ItemGroup>
  <ItemGroup>
    <ClCompile Include="函数模板具体化.cpp">
      <Filter>源文件</Filter>
    </ClCompile>
    <ClCompile Include="模板函数定义.cpp">
      <Filter>源文件</Filter>
    </ClCompile>
    <ClCompile Include="类模板.cpp">
      <Filter>源文件</Filter>
    </ClCompile>
    <ClCompile Include="类模板成员函数在类外实现.cpp">
      <Filter>源文件</Filter>
    </ClCompile>
    <ClCompile Include="模板函数作为类模板的友元.cpp">
      <Filter>源文件</Filter>
    </ClCompile>
    <ClCompile Include="普通函数作为类模板的友元.cpp">
      <Filter>源文件</Filter>
    </ClCompile>
    <ClCompile Include="头源分离_类实现.cpp">
      <Filter>源文件</Filter>
    </ClCompile>
    <ClCompile Include="头源分离_调用.cpp">
      <Filter>源文件</Filter>
    </ClCompile>
    <ClCompile Include="头源结合_调用.cpp">
      <Filter>源文件</Filter>
    </ClCompile>
    <ClCompile Include="自定义数组_调用.cpp">
      <Filter>源文件</Filter>
    </ClCompile>
    <ClCompile Include="类模板派生普通类.cpp">
      <Filter>源文件</Filter>
    </ClCompile>
    <ClCompile Include="类模板派生类模板.cpp">
      <Filter>源文件</Filter>
    </ClCompile>
  </ItemGroup>
  <ItemGroup>
    <ClInclude Include="头源分离.h">
      <Filter>源文件</Filter>
    </ClInclude>
    <ClInclude Include="头源结合.hpp">
      <Filter>源文件</Filter>
    </ClInclude>
    <ClInclude Include="自定义可存放任意类型的数组.hpp">
      <Filter>源文件</Filter>
    </ClInclude>
  </ItemGroup>
</Project>